
Microsoft Visual Studio Solution File, Format Version 12.00
# Visual Studio 15
VisualStudioVersion = 15.0.26228.31
MinimumVisualStudioVersion = 10.0.40219.1
Project("{FAE04EC0-301F-11D3-BF4B-00C04F79EFBC}") = "Immutable_Class", "Immutable-Class\Immutable_Class\Immutable_Class.csproj", "{3B17FCF1-3BBF-429F-A9EB-0F7EE1025D9E}"
EndProject
Project("{FAE04EC0-301F-11D3-BF4B-00C04F79EFBC}") = "Immutable_Class.Test", "Immutable-Class\Immutable_Class.Test\Immutable_Class.Test.csproj", "{55297C78-E80A-4CBD-8B11-40D571EA85DF}"
EndProject
Project("{FAE04EC0-301F-11D3-BF4B-00C04F79EFBC}") = "Immutable_Class.Vsix", "Immutable-Class\Immutable_Class.Vsix\Immutable_Class.Vsix.csproj", "{BDA1C237-025F-42F8-B701-C032FA4E7580}"
EndProject
Global
	GlobalSection(SolutionConfigurationPlatforms) = preSolution
		Debug|Any CPU = Debug|Any CPU
		Release|Any CPU = Release|Any CPU
	EndGlobalSection
	GlobalSection(ProjectConfigurationPlatforms) = postSolution
		{3B17FCF1-3BBF-429F-A9EB-0F7EE1025D9E}.Debug|Any CPU.ActiveCfg = Debug|Any CPU
		{3B17FCF1-3BBF-429F-A9EB-0F7EE1025D9E}.Debug|Any CPU.Build.0 = Debug|Any CPU
		{3B17FCF1-3BBF-429F-A9EB-0F7EE1025D9E}.Release|Any CPU.ActiveCfg = Release|Any CPU
		{3B17FCF1-3BBF-429F-A9EB-0F7EE1025D9E}.Release|Any CPU.Build.0 = Release|Any CPU
		{55297C78-E80A-4CBD-8B11-40D571EA85DF}.Debug|Any CPU.ActiveCfg = Debug|Any CPU
		{55297C78-E80A-4CBD-8B11-40D571EA85DF}.Debug|Any CPU.Build.0 = Debug|Any CPU
		{55297C78-E80A-4CBD-8B11-40D571EA85DF}.Release|Any CPU.ActiveCfg = Release|Any CPU
		{55297C78-E80A-4CBD-8B11-40D571EA85DF}.Release|Any CPU.Build.0 = Release|Any CPU
		{BDA1C237-025F-42F8-B701-C032FA4E7580}.Debug|Any CPU.ActiveCfg = Debug|Any CPU
		{BDA1C237-025F-42F8-B701-C032FA4E7580}.Debug|Any CPU.Build.0 = Debug|Any CPU
		{BDA1C237-025F-42F8-B701-C032FA4E7580}.Release|Any CPU.ActiveCfg = Release|Any CPU
		{BDA1C237-025F-42F8-B701-C032FA4E7580}.Release|Any CPU.Build.0 = Release|Any CPU
	EndGlobalSection
	GlobalSection(SolutionProperties) = preSolution
		HideSolutionNode = FALSE
	EndGlobalSection
	GlobalSection(ExtensibilityGlobals) = postSolution
		SolutionGuid = {1C54A118-380B-4176-B15E-2143E3F4EB2C}
	EndGlobalSection
EndGlobal
